
Microsoft Visual Studio Solution File, Format Version 12.00
# Visual Studio Version 16
VisualStudioVersion = 16.0.29519.87
MinimumVisualStudioVersion = 15.0.26124.0
Project("{9A19103F-16F7-4668-BE54-9A1E7A4F7556}") = "Backend", "Backend\Backend.csproj", "{259224F5-5843-4A82-B5D6-D5C885E1CBBD}"
EndProject
Project("{FAE04EC0-301F-11D3-BF4B-00C04F79EFBC}") = "Backend.Tests", "Test\Backend.Tests\Backend.Tests.csproj", "{EF3FFA74-6695-48E1-85A9-E9607B0F309A}"
EndProject
Global
	GlobalSection(SolutionConfigurationPlatforms) = preSolution
		Debug|Any CPU = Debug|Any CPU
		Debug|x64 = Debug|x64
		Debug|x86 = Debug|x86
		Release|Any CPU = Release|Any CPU
		Release|x64 = Release|x64
		Release|x86 = Release|x86
	EndGlobalSection
	GlobalSection(ProjectConfigurationPlatforms) = postSolution
		{259224F5-5843-4A82-B5D6-D5C885E1CBBD}.Debug|Any CPU.ActiveCfg = Debug|Any CPU
		{259224F5-5843-4A82-B5D6-D5C885E1CBBD}.Debug|Any CPU.Build.0 = Debug|Any CPU
		{259224F5-5843-4A82-B5D6-D5C885E1CBBD}.Debug|x64.ActiveCfg = Debug|Any CPU
		{259224F5-5843-4A82-B5D6-D5C885E1CBBD}.Debug|x64.Build.0 = Debug|Any CPU
		{259224F5-5843-4A82-B5D6-D5C885E1CBBD}.Debug|x86.ActiveCfg = Debug|Any CPU
		{259224F5-5843-4A82-B5D6-D5C885E1CBBD}.Debug|x86.Build.0 = Debug|Any CPU
		{259224F5-5843-4A82-B5D6-D5C885E1CBBD}.Release|Any CPU.ActiveCfg = Release|Any CPU
		{259224F5-5843-4A82-B5D6-D5C885E1CBBD}.Release|Any CPU.Build.0 = Release|Any CPU
		{259224F5-5843-4A82-B5D6-D5C885E1CBBD}.Release|x64.ActiveCfg = Release|Any CPU
		{259224F5-5843-4A82-B5D6-D5C885E1CBBD}.Release|x64.Build.0 = Release|Any CPU
		{259224F5-5843-4A82-B5D6-D5C885E1CBBD}.Release|x86.ActiveCfg = Release|Any CPU
		{259224F5-5843-4A82-B5D6-D5C885E1CBBD}.Release|x86.Build.0 = Release|Any CPU
		{EF3FFA74-6695-48E1-85A9-E9607B0F309A}.Debug|Any CPU.ActiveCfg = Debug|Any CPU
		{EF3FFA74-6695-48E1-85A9-E9607B0F309A}.Debug|Any CPU.Build.0 = Debug|Any CPU
		{EF3FFA74-6695-48E1-85A9-E9607B0F309A}.Debug|x64.ActiveCfg = Debug|Any CPU
		{EF3FFA74-6695-48E1-85A9-E9607B0F309A}.Debug|x64.Build.0 = Debug|Any CPU
		{EF3FFA74-6695-48E1-85A9-E9607B0F309A}.Debug|x86.ActiveCfg = Debug|Any CPU
		{EF3FFA74-6695-48E1-85A9-E9607B0F309A}.Debug|x86.Build.0 = Debug|Any CPU
		{EF3FFA74-6695-48E1-85A9-E9607B0F309A}.Release|Any CPU.ActiveCfg = Release|Any CPU
		{EF3FFA74-6695-48E1-85A9-E9607B0F309A}.Release|Any CPU.Build.0 = Release|Any CPU
		{EF3FFA74-6695-48E1-85A9-E9607B0F309A}.Release|x64.ActiveCfg = Release|Any CPU
		{EF3FFA74-6695-48E1-85A9-E9607B0F309A}.Release|x64.Build.0 = Release|Any CPU
		{EF3FFA74-6695-48E1-85A9-E9607B0F309A}.Release|x86.ActiveCfg = Release|Any CPU
		{EF3FFA74-6695-48E1-85A9-E9607B0F309A}.Release|x86.Build.0 = Release|Any CPU
	EndGlobalSection
	GlobalSection(SolutionProperties) = preSolution
		HideSolutionNode = FALSE
	EndGlobalSection
	GlobalSection(ExtensibilityGlobals) = postSolution
		SolutionGuid = {531EA3AB-4E98-4BFD-B829-C5BD3D46CAF7}
	EndGlobalSection
EndGlobal
